
Microsoft Visual Studio Solution File, Format Version 12.00
# Visual Studio 15
Project("{FAE04EC0-301F-11D3-BF4B-00C04F79EFBC}") = "Assembly-CSharp", "Assembly-CSharp.csproj", "{2178DA7E-ECEE-842C-2B95-578FDB44B6D3}"
EndProject
Project("{FAE04EC0-301F-11D3-BF4B-00C04F79EFBC}") = "AmplifyShaderEditor", "AmplifyShaderEditor.csproj", "{4CF4F680-678F-CF9A-90AD-D23886EE0BC1}"
EndProject
Project("{FAE04EC0-301F-11D3-BF4B-00C04F79EFBC}") = "Assembly-CSharp-Editor", "Assembly-CSharp-Editor.csproj", "{78720936-D18D-9F9A-1FA7-8A49F6E47560}"
EndProject
Global
	GlobalSection(SolutionConfigurationPlatforms) = preSolution
		Debug|Any CPU = Debug|Any CPU
		Release|Any CPU = Release|Any CPU
	EndGlobalSection
	GlobalSection(ProjectConfigurationPlatforms) = postSolution
		{2178DA7E-ECEE-842C-2B95-578FDB44B6D3}.Debug|Any CPU.ActiveCfg = Debug|Any CPU
		{2178DA7E-ECEE-842C-2B95-578FDB44B6D3}.Debug|Any CPU.Build.0 = Debug|Any CPU
		{2178DA7E-ECEE-842C-2B95-578FDB44B6D3}.Release|Any CPU.ActiveCfg = Release|Any CPU
		{2178DA7E-ECEE-842C-2B95-578FDB44B6D3}.Release|Any CPU.Build.0 = Release|Any CPU
		{4CF4F680-678F-CF9A-90AD-D23886EE0BC1}.Debug|Any CPU.ActiveCfg = Debug|Any CPU
		{4CF4F680-678F-CF9A-90AD-D23886EE0BC1}.Debug|Any CPU.Build.0 = Debug|Any CPU
		{4CF4F680-678F-CF9A-90AD-D23886EE0BC1}.Release|Any CPU.ActiveCfg = Release|Any CPU
		{4CF4F680-678F-CF9A-90AD-D23886EE0BC1}.Release|Any CPU.Build.0 = Release|Any CPU
		{78720936-D18D-9F9A-1FA7-8A49F6E47560}.Debug|Any CPU.ActiveCfg = Debug|Any CPU
		{78720936-D18D-9F9A-1FA7-8A49F6E47560}.Debug|Any CPU.Build.0 = Debug|Any CPU
		{78720936-D18D-9F9A-1FA7-8A49F6E47560}.Release|Any CPU.ActiveCfg = Release|Any CPU
		{78720936-D18D-9F9A-1FA7-8A49F6E47560}.Release|Any CPU.Build.0 = Release|Any CPU
	EndGlobalSection
	GlobalSection(SolutionProperties) = preSolution
		HideSolutionNode = FALSE
	EndGlobalSection
EndGlobal
