
Microsoft Visual Studio Solution File, Format Version 11.00
# Visual Studio 2010
Project("{FAE04EC0-301F-11D3-BF4B-00C04F79EFBC}") = "Assembly-CSharp", "Assembly-CSharp.csproj", "{7eda7821-eeec-2c84-2b95-578fdb44b6d3}"
EndProject
Project("{FAE04EC0-301F-11D3-BF4B-00C04F79EFBC}") = "Assembly-CSharp-Editor", "Assembly-CSharp-Editor.csproj", "{36097278-8dd1-9a9f-1fa7-8a49f6e47560}"
EndProject
Global
	GlobalSection(SolutionConfigurationPlatforms) = preSolution
		Debug|Any CPU = Debug|Any CPU
	EndGlobalSection
	GlobalSection(ProjectConfigurationPlatforms) = postSolution
		{7eda7821-eeec-2c84-2b95-578fdb44b6d3}.Debug|Any CPU.ActiveCfg = Debug|Any CPU
		{7eda7821-eeec-2c84-2b95-578fdb44b6d3}.Debug|Any CPU.Build.0 = Debug|Any CPU
		{36097278-8dd1-9a9f-1fa7-8a49f6e47560}.Debug|Any CPU.ActiveCfg = Debug|Any CPU
		{36097278-8dd1-9a9f-1fa7-8a49f6e47560}.Debug|Any CPU.Build.0 = Debug|Any CPU
	EndGlobalSection
	GlobalSection(SolutionProperties) = preSolution
		HideSolutionNode = FALSE
	EndGlobalSection
EndGlobal
